
Microsoft Visual Studio Solution File, Format Version 12.00
# Visual Studio Version 17
VisualStudioVersion = 17.8.34408.163
MinimumVisualStudioVersion = 10.0.40219.1
Project("{FAE04EC0-301F-11D3-BF4B-00C04F79EFBC}") = "wezGolf", "wezGolf.csproj", "{E4288D7C-29AA-42DF-B471-41E87BB96FCF}"
EndProject
Global
	GlobalSection(SolutionConfigurationPlatforms) = preSolution
		Debug|Any CPU = Debug|Any CPU
		Release|Any CPU = Release|Any CPU
	EndGlobalSection
	GlobalSection(ProjectConfigurationPlatforms) = postSolution
		{E4288D7C-29AA-42DF-B471-41E87BB96FCF}.Debug|Any CPU.ActiveCfg = Debug|Any CPU
		{E4288D7C-29AA-42DF-B471-41E87BB96FCF}.Debug|Any CPU.Build.0 = Debug|Any CPU
		{E4288D7C-29AA-42DF-B471-41E87BB96FCF}.Release|Any CPU.ActiveCfg = Release|Any CPU
		{E4288D7C-29AA-42DF-B471-41E87BB96FCF}.Release|Any CPU.Build.0 = Release|Any CPU
	EndGlobalSection
	GlobalSection(SolutionProperties) = preSolution
		HideSolutionNode = FALSE
	EndGlobalSection
	GlobalSection(ExtensibilityGlobals) = postSolution
		SolutionGuid = {2EF90ACC-03B2-459F-9865-41E31121CE41}
	EndGlobalSection
EndGlobal
